
Microsoft Visual Studio Solution File, Format Version 12.00
# Visual Studio Version 16
VisualStudioVersion = 16.0.31624.102
MinimumVisualStudioVersion = 10.0.40219.1
Project("{FAE04EC0-301F-11D3-BF4B-00C04F79EFBC}") = "my book-api", "my book-api\my book-api.csproj", "{5E43AF57-E7E4-4A6C-9E8F-FF558980DFCF}"
EndProject
Global
	GlobalSection(SolutionConfigurationPlatforms) = preSolution
		Debug|Any CPU = Debug|Any CPU
		Release|Any CPU = Release|Any CPU
	EndGlobalSection
	GlobalSection(ProjectConfigurationPlatforms) = postSolution
		{5E43AF57-E7E4-4A6C-9E8F-FF558980DFCF}.Debug|Any CPU.ActiveCfg = Debug|Any CPU
		{5E43AF57-E7E4-4A6C-9E8F-FF558980DFCF}.Debug|Any CPU.Build.0 = Debug|Any CPU
		{5E43AF57-E7E4-4A6C-9E8F-FF558980DFCF}.Release|Any CPU.ActiveCfg = Release|Any CPU
		{5E43AF57-E7E4-4A6C-9E8F-FF558980DFCF}.Release|Any CPU.Build.0 = Release|Any CPU
	EndGlobalSection
	GlobalSection(SolutionProperties) = preSolution
		HideSolutionNode = FALSE
	EndGlobalSection
	GlobalSection(ExtensibilityGlobals) = postSolution
		SolutionGuid = {E58BBEF2-3346-4BFA-9642-E2D4A4D263B7}
	EndGlobalSection
EndGlobal
